github.com/antihax/optional v1.0.0 h1:xK2lYat7ZLaVVcIuj82J8kIro4V6kDe0AUDFboUCwcg=
github.com/antihax/optional v1.0.0/go.mod h1:uupD/76wgC+ih3iEmQUL+0Ugr19nfwCT1kdvxnR2qWY=
github.com/boombuler/barcode v1.0.1-0.20190219062509-6c824513bacc h1:biVzkmvwrH8WK8raXaxBx6fRVTlJILwEwQGL1I/ByEI=
github.com/boombuler/barcode v1.0.1-0.20190219062509-6c824513bacc/go.mod h1:paBWMcWSl3LHKBqUq+rly7CNSldXjb2rDl3JlRe0mD8=
github.com/davecgh/go-spew v1.1.0 h1:ZDRjVQ15GmhC3fiQ8ni8+OwkZQO4DARzQgrnXU1Liz8=
github.com/davecgh/go-spew v1.1.0/go.mod h1:J7Y8YcW2NihsgmVo/mv3lAwl/skON4iLHjSsI+c5H38=
github.com/deckarep/golang-set v1.7.1 h1:SCQV0S6gTtp6itiFrTqI+pfmJ4LN85S1YzhDf9rTHJQ=
github.com/deckarep/golang-set v1.7.1/go.mod h1:93vsz/8Wt4joVM7c2AVqh+YRMiUSc14yDtF28KmMOgQ=
github.com/frankban/quicktest v1.14.6 h1:7Xjx+VpznH+oBnejlPUj8oUpdxnVs4f8XU8WnHkI4W8=
github.com/frankban/quicktest v1.14.6/go.mod h1:4ptaffx2x8+WTWXmUCuVU6aPUX1/Mz7zb5vbUoiM6w0=
github.com/gateio/gateapi-go/v6 v6.104.3 h1:JQ2+s1pG4bL+JeLQyGy9c7YLr7hxRI8g7vkAuQYl75k=
github.com/gateio/gateapi-go/v6 v6.104.3/go.mod h1:racCcjrdyOUbRDO5eCUGUiyDPrF/ZmwBj/bupPZTVLY=
github.com/gateio/gatews/go v0.0.0-20250523113507-90357b11b694 h1:tugIE7wCzxFABMcolRNA1VC7AkgDa9Mdn137/lVLwAQ=
github.com/gateio/gatews/go v0.0.0-20250523113507-90357b11b694/go.mod h1:WIfuSKYItKnmiuCWA1dcZmQEfBNC36/M5El+R8NjIDQ=
github.com/google/go-cmp v0.5.9 h1:O2Tfq5qg4qc4AmwVlvv0oLiVAGB7enBSJ2x2DqQFi38=
github.com/google/go-cmp v0.5.9/go.mod h1:17dUlkBOakJ0+DkrSSNjCkIjxS6bF9zb3elmeNGIjoY=
github.com/gorilla/websocket v1.4.2 h1:+/TMaTYc4QFitKJxsQ7Yye35DkWvkdLcvGKqM+x0Ufc=
github.com/gorilla/websocket v1.4.2/go.mod h1:YR8l580nyteQvAITg2hZ9XVh4b55+EU/adAjf1fMHhE=
github.com/kr/pretty v0.3.1 h1:flRD4NNwYAUpkphVc1HcthR4KEIFJ65n8Mw5qdRn3LE=
github.com/kr/pretty v0.3.1/go.mod h1:hoEshYVHaxMs3cyo3Yncou5ZscifuDolrwPKZanG3xk=
github.com/kr/text v0.2.0 h1:5Nx0Ya0ZqY2ygV366QzturHI13Jq95ApcVaJBhpS+AY=
github.com/kr/text v0.2.0/go.mod h1:eLer722TekiGuMkidMxC/pM04lWEeraHUUmBw8l2grE=
github.com/markcheno/go-talib v0.0.0-20250114000313-ec55a20c902f h1:iKq//xEUUaeRoXNcAshpK4W8eSm7HtgI0aNznWtX7lk=
github.com/markcheno/go-talib v0.0.0-20250114000313-ec55a20c902f/go.mod h1:3YUtoVrKWu2ql+iAeRyepSz3fy6a+19hJzGS88+u4u0=
github.com/pmezard/go-difflib v1.0.0 h1:4DBwDE0NGyQoBHbLQYPwSUPoCMWR5BEzIk/f1lZbAQM=
github.com/pmezard/go-difflib v1.0.0/go.mod h1:iKH77koFhYxTK1pcRnkKkqfTogsbg7gZNVY4sRDYZ/4=
github.com/pquerna/otp v1.5.0 h1:NMMR+WrmaqXU4EzdGJEE1aUUI0AMRzsp96fFFWNPwxs=
github.com/pquerna/otp v1.5.0/go.mod h1:dkJfzwRKNiegxyNb54X/3fLwhCynbMspSyWKnvi1AEg=
github.com/prtmon/finance v0.0.0-20250922084353-93abee8cefd4 h1:eXmfoDnW0620onkTcyjMA3C2POfMe4m5QbvCsqQRhNw=
github.com/prtmon/finance v0.0.0-20250922084353-93abee8cefd4/go.mod h1:ntJBmfNdA4k1fxPd7tXmsN7AmcVbfCw0PLLKWw2sOfE=
github.com/prtmon/tools v0.0.0-20250922081144-b42061079600 h1:mBQ9JCFXO5xMH1Hq9rtYsFYucsZCPw47ywVGVUuIuJI=
github.com/prtmon/tools v0.0.0-20250922081144-b42061079600/go.mod h1:OSsSVuglZBtPxC/I+EllIyoSZSUJIKPrNrDoVbPYwSs=
github.com/rogpeppe/go-internal v1.9.0 h1:73kH8U+JUqXU8lRuOHeVHaa/SZPifC7BkcraZVejAe8=
github.com/rogpeppe/go-internal v1.9.0/go.mod h1:WtVeX8xhTBvf0smdhujwtBcq4Qrzq/fJaraNFVN+nFs=
github.com/spf13/cast v1.10.0 h1:h2x0u2shc1QuLHfxi+cTJvs30+ZAHOGRic8uyGTDWxY=
github.com/spf13/cast v1.10.0/go.mod h1:jNfB8QC9IA6ZuY2ZjDp0KtFO2LZZlg4S/7bzP6qqeHo=
github.com/stretchr/objx v0.1.0/go.mod h1:HFkY916IF+rwdDfMAkV7OtwuqBVzrE8GR6GFx+wExME=
github.com/stretchr/testify v1.3.0 h1:TivCn/peBQ7UY8ooIcPgZFpTNSz0Q2U6UrFlUfqbe0Q=
github.com/stretchr/testify v1.3.0/go.mod h1:M5WIy9Dh21IEIfnGCwXGc5bZfKNJtfHm1UVUgZn+9EI=
